
Microsoft Visual Studio Solution File, Format Version 12.00
# Visual Studio Version 17
VisualStudioVersion = 17.0.32014.148
MinimumVisualStudioVersion = 10.0.40219.1
Project("{2150E333-8FDC-42A3-9474-1A3956D46DE8}") = "TwoSum", "TwoSum", "{4041A50D-AC2A-41E3-90DE-AF58A1EBAA53}"
	ProjectSection(SolutionItems) = preProject
		TwoSum\Problem.txt = TwoSum\Problem.txt
	EndProjectSection
EndProject
Project("{9A19103F-16F7-4668-BE54-9A1E7A4F7556}") = "TwoSum", "TwoSum\TwoSum\TwoSum.csproj", "{559899C5-2F0E-4E81-94F3-71D6F5FF411E}"
EndProject
Project("{9A19103F-16F7-4668-BE54-9A1E7A4F7556}") = "TwoSumTests", "TwoSum\TwoSumTests\TwoSumTests.csproj", "{E9BB5F9F-7744-4926-B3E5-73537B90B1C4}"
EndProject
Project("{2150E333-8FDC-42A3-9474-1A3956D46DE8}") = "LongestNonRepeatingSubString", "LongestNonRepeatingSubString", "{1D3CF86C-DB9E-452F-820D-22D103FC07B8}"
	ProjectSection(SolutionItems) = preProject
		LongestNonRepeatingSubstring\Problem.txt = LongestNonRepeatingSubstring\Problem.txt
	EndProjectSection
EndProject
Project("{9A19103F-16F7-4668-BE54-9A1E7A4F7556}") = "LongestNonRepeatingSubstring", "LongestNonRepeatingSubstring\LongestNonRepeatingSubstring\LongestNonRepeatingSubstring.csproj", "{6E9440D8-6C2F-49B4-8AC0-EF3936680D88}"
EndProject
Project("{9A19103F-16F7-4668-BE54-9A1E7A4F7556}") = "LongestNonRepeatingSubstringTests", "LongestNonRepeatingSubstring\LongestNonRepeatingSubstringTests\LongestNonRepeatingSubstringTests.csproj", "{9E596AD6-34F9-4B79-9CBD-D8EB712112B1}"
EndProject
Project("{2150E333-8FDC-42A3-9474-1A3956D46DE8}") = "Atoi", "Atoi", "{860F3F45-511C-41C6-A5A3-F4EAECC45716}"
EndProject
Project("{FAE04EC0-301F-11D3-BF4B-00C04F79EFBC}") = "StringToInteger", "Atoi\StringToInteger\StringToInteger.csproj", "{99B45FD9-382A-4BA7-832B-D51579CFA7B6}"
EndProject
Project("{FAE04EC0-301F-11D3-BF4B-00C04F79EFBC}") = "AtoiTests", "Atoi\AtoiTests\AtoiTests.csproj", "{FD181303-CEFE-4EE9-A67B-904B4924753B}"
EndProject
Global
	GlobalSection(SolutionConfigurationPlatforms) = preSolution
		Debug|Any CPU = Debug|Any CPU
		Release|Any CPU = Release|Any CPU
	EndGlobalSection
	GlobalSection(ProjectConfigurationPlatforms) = postSolution
		{559899C5-2F0E-4E81-94F3-71D6F5FF411E}.Debug|Any CPU.ActiveCfg = Debug|Any CPU
		{559899C5-2F0E-4E81-94F3-71D6F5FF411E}.Debug|Any CPU.Build.0 = Debug|Any CPU
		{559899C5-2F0E-4E81-94F3-71D6F5FF411E}.Release|Any CPU.ActiveCfg = Release|Any CPU
		{559899C5-2F0E-4E81-94F3-71D6F5FF411E}.Release|Any CPU.Build.0 = Release|Any CPU
		{E9BB5F9F-7744-4926-B3E5-73537B90B1C4}.Debug|Any CPU.ActiveCfg = Debug|Any CPU
		{E9BB5F9F-7744-4926-B3E5-73537B90B1C4}.Debug|Any CPU.Build.0 = Debug|Any CPU
		{E9BB5F9F-7744-4926-B3E5-73537B90B1C4}.Release|Any CPU.ActiveCfg = Release|Any CPU
		{E9BB5F9F-7744-4926-B3E5-73537B90B1C4}.Release|Any CPU.Build.0 = Release|Any CPU
		{6E9440D8-6C2F-49B4-8AC0-EF3936680D88}.Debug|Any CPU.ActiveCfg = Debug|Any CPU
		{6E9440D8-6C2F-49B4-8AC0-EF3936680D88}.Debug|Any CPU.Build.0 = Debug|Any CPU
		{6E9440D8-6C2F-49B4-8AC0-EF3936680D88}.Release|Any CPU.ActiveCfg = Release|Any CPU
		{6E9440D8-6C2F-49B4-8AC0-EF3936680D88}.Release|Any CPU.Build.0 = Release|Any CPU
		{9E596AD6-34F9-4B79-9CBD-D8EB712112B1}.Debug|Any CPU.ActiveCfg = Debug|Any CPU
		{9E596AD6-34F9-4B79-9CBD-D8EB712112B1}.Debug|Any CPU.Build.0 = Debug|Any CPU
		{9E596AD6-34F9-4B79-9CBD-D8EB712112B1}.Release|Any CPU.ActiveCfg = Release|Any CPU
		{9E596AD6-34F9-4B79-9CBD-D8EB712112B1}.Release|Any CPU.Build.0 = Release|Any CPU
		{99B45FD9-382A-4BA7-832B-D51579CFA7B6}.Debug|Any CPU.ActiveCfg = Debug|Any CPU
		{99B45FD9-382A-4BA7-832B-D51579CFA7B6}.Debug|Any CPU.Build.0 = Debug|Any CPU
		{99B45FD9-382A-4BA7-832B-D51579CFA7B6}.Release|Any CPU.ActiveCfg = Release|Any CPU
		{99B45FD9-382A-4BA7-832B-D51579CFA7B6}.Release|Any CPU.Build.0 = Release|Any CPU
		{FD181303-CEFE-4EE9-A67B-904B4924753B}.Debug|Any CPU.ActiveCfg = Debug|Any CPU
		{FD181303-CEFE-4EE9-A67B-904B4924753B}.Debug|Any CPU.Build.0 = Debug|Any CPU
		{FD181303-CEFE-4EE9-A67B-904B4924753B}.Release|Any CPU.ActiveCfg = Release|Any CPU
		{FD181303-CEFE-4EE9-A67B-904B4924753B}.Release|Any CPU.Build.0 = Release|Any CPU
	EndGlobalSection
	GlobalSection(SolutionProperties) = preSolution
		HideSolutionNode = FALSE
	EndGlobalSection
	GlobalSection(NestedProjects) = preSolution
		{559899C5-2F0E-4E81-94F3-71D6F5FF411E} = {4041A50D-AC2A-41E3-90DE-AF58A1EBAA53}
		{E9BB5F9F-7744-4926-B3E5-73537B90B1C4} = {4041A50D-AC2A-41E3-90DE-AF58A1EBAA53}
		{6E9440D8-6C2F-49B4-8AC0-EF3936680D88} = {1D3CF86C-DB9E-452F-820D-22D103FC07B8}
		{9E596AD6-34F9-4B79-9CBD-D8EB712112B1} = {1D3CF86C-DB9E-452F-820D-22D103FC07B8}
		{99B45FD9-382A-4BA7-832B-D51579CFA7B6} = {860F3F45-511C-41C6-A5A3-F4EAECC45716}
		{FD181303-CEFE-4EE9-A67B-904B4924753B} = {860F3F45-511C-41C6-A5A3-F4EAECC45716}
	EndGlobalSection
	GlobalSection(ExtensibilityGlobals) = postSolution
		SolutionGuid = {B6C8985B-111B-4551-8061-BC88471BA557}
	EndGlobalSection
EndGlobal
