
Microsoft Visual Studio Solution File, Format Version 12.00
# Visual Studio Version 17
VisualStudioVersion = 17.0.32014.148
MinimumVisualStudioVersion = 10.0.40219.1
Project("{2150E333-8FDC-42A3-9474-1A3956D46DE8}") = "TwoSum", "TwoSum", "{6D52D9DC-87F1-4A6C-BF72-4C819F0DB6AA}"
EndProject
Project("{FAE04EC0-301F-11D3-BF4B-00C04F79EFBC}") = "TwoSum", "TwoSum\TwoSum.csproj", "{8B784876-C8E0-43DB-B8D0-720FA51ECCB0}"
EndProject
Project("{FAE04EC0-301F-11D3-BF4B-00C04F79EFBC}") = "TwoSumTests", "TwoSumTests\TwoSumTests.csproj", "{5C7DF8ED-34B2-447E-B674-AA13F68E516E}"
EndProject
Global
	GlobalSection(SolutionConfigurationPlatforms) = preSolution
		Debug|Any CPU = Debug|Any CPU
		Release|Any CPU = Release|Any CPU
	EndGlobalSection
	GlobalSection(ProjectConfigurationPlatforms) = postSolution
		{8B784876-C8E0-43DB-B8D0-720FA51ECCB0}.Debug|Any CPU.ActiveCfg = Debug|Any CPU
		{8B784876-C8E0-43DB-B8D0-720FA51ECCB0}.Debug|Any CPU.Build.0 = Debug|Any CPU
		{8B784876-C8E0-43DB-B8D0-720FA51ECCB0}.Release|Any CPU.ActiveCfg = Release|Any CPU
		{8B784876-C8E0-43DB-B8D0-720FA51ECCB0}.Release|Any CPU.Build.0 = Release|Any CPU
		{5C7DF8ED-34B2-447E-B674-AA13F68E516E}.Debug|Any CPU.ActiveCfg = Debug|Any CPU
		{5C7DF8ED-34B2-447E-B674-AA13F68E516E}.Debug|Any CPU.Build.0 = Debug|Any CPU
		{5C7DF8ED-34B2-447E-B674-AA13F68E516E}.Release|Any CPU.ActiveCfg = Release|Any CPU
		{5C7DF8ED-34B2-447E-B674-AA13F68E516E}.Release|Any CPU.Build.0 = Release|Any CPU
	EndGlobalSection
	GlobalSection(SolutionProperties) = preSolution
		HideSolutionNode = FALSE
	EndGlobalSection
	GlobalSection(NestedProjects) = preSolution
		{8B784876-C8E0-43DB-B8D0-720FA51ECCB0} = {6D52D9DC-87F1-4A6C-BF72-4C819F0DB6AA}
		{5C7DF8ED-34B2-447E-B674-AA13F68E516E} = {6D52D9DC-87F1-4A6C-BF72-4C819F0DB6AA}
	EndGlobalSection
	GlobalSection(ExtensibilityGlobals) = postSolution
		SolutionGuid = {B6C8985B-111B-4551-8061-BC88471BA557}
	EndGlobalSection
EndGlobal
